
Microsoft Visual Studio Solution File, Format Version 12.00
# Visual Studio Version 16
VisualStudioVersion = 16.0.31019.35
MinimumVisualStudioVersion = 10.0.40219.1
Project("{FAE04EC0-301F-11D3-BF4B-00C04F79EFBC}") = "Core", "Core\Core.csproj", "{E67DE35C-7FC3-48A7-B9A6-DFB3105CE08C}"
EndProject
Project("{FAE04EC0-301F-11D3-BF4B-00C04F79EFBC}") = "Entities", "Entities\Entities.csproj", "{7F4AEA7C-4823-48D3-A3AD-3E77B26C8D38}"
EndProject
Project("{FAE04EC0-301F-11D3-BF4B-00C04F79EFBC}") = "DataAccess", "DataAccess\DataAccess.csproj", "{FA9B6BE1-7F37-415F-8D77-FD4E2688DC59}"
EndProject
Project("{FAE04EC0-301F-11D3-BF4B-00C04F79EFBC}") = "Business", "Business\Business.csproj", "{736CA313-84DA-4AFE-815A-64BFBDD1AF4B}"
EndProject
Project("{FAE04EC0-301F-11D3-BF4B-00C04F79EFBC}") = "WebAPI", "WebAPI\WebAPI.csproj", "{BFD6E10D-C1E3-44F7-857A-752B13FED82D}"
EndProject
Global
	GlobalSection(SolutionConfigurationPlatforms) = preSolution
		Debug|Any CPU = Debug|Any CPU
		Release|Any CPU = Release|Any CPU
	EndGlobalSection
	GlobalSection(ProjectConfigurationPlatforms) = postSolution
		{E67DE35C-7FC3-48A7-B9A6-DFB3105CE08C}.Debug|Any CPU.ActiveCfg = Debug|Any CPU
		{E67DE35C-7FC3-48A7-B9A6-DFB3105CE08C}.Debug|Any CPU.Build.0 = Debug|Any CPU
		{E67DE35C-7FC3-48A7-B9A6-DFB3105CE08C}.Release|Any CPU.ActiveCfg = Release|Any CPU
		{E67DE35C-7FC3-48A7-B9A6-DFB3105CE08C}.Release|Any CPU.Build.0 = Release|Any CPU
		{7F4AEA7C-4823-48D3-A3AD-3E77B26C8D38}.Debug|Any CPU.ActiveCfg = Debug|Any CPU
		{7F4AEA7C-4823-48D3-A3AD-3E77B26C8D38}.Debug|Any CPU.Build.0 = Debug|Any CPU
		{7F4AEA7C-4823-48D3-A3AD-3E77B26C8D38}.Release|Any CPU.ActiveCfg = Release|Any CPU
		{7F4AEA7C-4823-48D3-A3AD-3E77B26C8D38}.Release|Any CPU.Build.0 = Release|Any CPU
		{FA9B6BE1-7F37-415F-8D77-FD4E2688DC59}.Debug|Any CPU.ActiveCfg = Debug|Any CPU
		{FA9B6BE1-7F37-415F-8D77-FD4E2688DC59}.Debug|Any CPU.Build.0 = Debug|Any CPU
		{FA9B6BE1-7F37-415F-8D77-FD4E2688DC59}.Release|Any CPU.ActiveCfg = Release|Any CPU
		{FA9B6BE1-7F37-415F-8D77-FD4E2688DC59}.Release|Any CPU.Build.0 = Release|Any CPU
		{736CA313-84DA-4AFE-815A-64BFBDD1AF4B}.Debug|Any CPU.ActiveCfg = Debug|Any CPU
		{736CA313-84DA-4AFE-815A-64BFBDD1AF4B}.Debug|Any CPU.Build.0 = Debug|Any CPU
		{736CA313-84DA-4AFE-815A-64BFBDD1AF4B}.Release|Any CPU.ActiveCfg = Release|Any CPU
		{736CA313-84DA-4AFE-815A-64BFBDD1AF4B}.Release|Any CPU.Build.0 = Release|Any CPU
		{BFD6E10D-C1E3-44F7-857A-752B13FED82D}.Debug|Any CPU.ActiveCfg = Debug|Any CPU
		{BFD6E10D-C1E3-44F7-857A-752B13FED82D}.Debug|Any CPU.Build.0 = Debug|Any CPU
		{BFD6E10D-C1E3-44F7-857A-752B13FED82D}.Release|Any CPU.ActiveCfg = Release|Any CPU
		{BFD6E10D-C1E3-44F7-857A-752B13FED82D}.Release|Any CPU.Build.0 = Release|Any CPU
	EndGlobalSection
	GlobalSection(SolutionProperties) = preSolution
		HideSolutionNode = FALSE
	EndGlobalSection
	GlobalSection(ExtensibilityGlobals) = postSolution
		SolutionGuid = {93CB4531-4EFF-45A1-8DD7-CA87B75BC125}
	EndGlobalSection
EndGlobal
